
Microsoft Visual Studio Solution File, Format Version 12.00
# Visual Studio Version 16
VisualStudioVersion = 16.0.30204.135
MinimumVisualStudioVersion = 10.0.40219.1
Project("{FAE04EC0-301F-11D3-BF4B-00C04F79EFBC}") = "LAR.InterestTax.API", "LAR.InterestTax.API\LAR.InterestTax.API.csproj", "{3ADA5A64-5335-437C-8D33-1BE1D5D2F951}"
EndProject
Global
	GlobalSection(SolutionConfigurationPlatforms) = preSolution
		Debug|Any CPU = Debug|Any CPU
		Release|Any CPU = Release|Any CPU
	EndGlobalSection
	GlobalSection(ProjectConfigurationPlatforms) = postSolution
		{3ADA5A64-5335-437C-8D33-1BE1D5D2F951}.Debug|Any CPU.ActiveCfg = Debug|Any CPU
		{3ADA5A64-5335-437C-8D33-1BE1D5D2F951}.Debug|Any CPU.Build.0 = Debug|Any CPU
		{3ADA5A64-5335-437C-8D33-1BE1D5D2F951}.Release|Any CPU.ActiveCfg = Release|Any CPU
		{3ADA5A64-5335-437C-8D33-1BE1D5D2F951}.Release|Any CPU.Build.0 = Release|Any CPU
	EndGlobalSection
	GlobalSection(SolutionProperties) = preSolution
		HideSolutionNode = FALSE
	EndGlobalSection
	GlobalSection(ExtensibilityGlobals) = postSolution
		SolutionGuid = {C8D23898-9D97-4302-AD24-C3C465C59896}
	EndGlobalSection
EndGlobal
